// !$*UTF8*$!
{
	archiveVersion = 1;
	classes = {
	};
	objectVersion = 55;
	objects = {

/* Begin PBXBuildFile section */
		3348158027FF28BA00AF0EC7 /* UserOnlineFirebase.swift in Sources */ = {isa = PBXBuildFile; fileRef = 3348157F27FF28BA00AF0EC7 /* UserOnlineFirebase.swift */; };
		3348158227FF662100AF0EC7 /* MessageView.swift in Sources */ = {isa = PBXBuildFile; fileRef = 3348158127FF662100AF0EC7 /* MessageView.swift */; };
		3348158427FF69C700AF0EC7 /* FirestoreWorldMsgModel.swift in Sources */ = {isa = PBXBuildFile; fileRef = 3348158327FF69C700AF0EC7 /* FirestoreWorldMsgModel.swift */; };
		3348158627FF6A1300AF0EC7 /* WorldMsgFirebase.swift in Sources */ = {isa = PBXBuildFile; fileRef = 3348158527FF6A1300AF0EC7 /* WorldMsgFirebase.swift */; };
		3348158827FF711600AF0EC7 /* WorldChatView.swift in Sources */ = {isa = PBXBuildFile; fileRef = 3348158727FF711600AF0EC7 /* WorldChatView.swift */; };
		3348158A27FF90F000AF0EC7 /* SoundPlayer.swift in Sources */ = {isa = PBXBuildFile; fileRef = 3348158927FF90EF00AF0EC7 /* SoundPlayer.swift */; };
		3348158E27FF94EF00AF0EC7 /* new_message.wav in Resources */ = {isa = PBXBuildFile; fileRef = 3348158D27FF94EE00AF0EC7 /* new_message.wav */; };
		337844342800167600F9323B /* FirestoreUserOnlineModel.swift in Sources */ = {isa = PBXBuildFile; fileRef = 337844332800167600F9323B /* FirestoreUserOnlineModel.swift */; };
		33ADF1EF27FF0A2C00320444 /* OnlineUsersView.swift in Sources */ = {isa = PBXBuildFile; fileRef = 33ADF1EE27FF0A2C00320444 /* OnlineUsersView.swift */; };
		33AE6E0427F5A63C00EEC7E3 /* LunarLightApp.swift in Sources */ = {isa = PBXBuildFile; fileRef = 33AE6E0327F5A63C00EEC7E3 /* LunarLightApp.swift */; };
		33AE6E0627F5A63C00EEC7E3 /* StartView.swift in Sources */ = {isa = PBXBuildFile; fileRef = 33AE6E0527F5A63C00EEC7E3 /* StartView.swift */; };
		33AE6E0827F5A63E00EEC7E3 /* Assets.xcassets in Resources */ = {isa = PBXBuildFile; fileRef = 33AE6E0727F5A63E00EEC7E3 /* Assets.xcassets */; };
		33AE6E0B27F5A63E00EEC7E3 /* Preview Assets.xcassets in Resources */ = {isa = PBXBuildFile; fileRef = 33AE6E0A27F5A63E00EEC7E3 /* Preview Assets.xcassets */; };
		33AE6E0D27F5A63E00EEC7E3 /* Persistence.swift in Sources */ = {isa = PBXBuildFile; fileRef = 33AE6E0C27F5A63E00EEC7E3 /* Persistence.swift */; };
		33AE6E1027F5A63E00EEC7E3 /* LunarLight.xcdatamodeld in Sources */ = {isa = PBXBuildFile; fileRef = 33AE6E0E27F5A63E00EEC7E3 /* LunarLight.xcdatamodeld */; };
		33D386EF27F6EF7600D338B2 /* InputValidator.swift in Sources */ = {isa = PBXBuildFile; fileRef = 33D386EE27F6EF7600D338B2 /* InputValidator.swift */; };
		33D386F127F6F23C00D338B2 /* WelcomeView.swift in Sources */ = {isa = PBXBuildFile; fileRef = 33D386F027F6F23C00D338B2 /* WelcomeView.swift */; };
		33E7A90427F6FFF70091502E /* ContentView.swift in Sources */ = {isa = PBXBuildFile; fileRef = 33E7A90327F6FFF70091502E /* ContentView.swift */; };
		33E7A90627F703340091502E /* AppIndexManager.swift in Sources */ = {isa = PBXBuildFile; fileRef = 33E7A90527F703340091502E /* AppIndexManager.swift */; };
		33E7A90A27F727410091502E /* CoredataUserModel.swift in Sources */ = {isa = PBXBuildFile; fileRef = 33E7A90927F727410091502E /* CoredataUserModel.swift */; };
		41B977D127F5B44500455E86 /* LoginView.swift in Sources */ = {isa = PBXBuildFile; fileRef = 41B977D027F5B44500455E86 /* LoginView.swift */; };
		41B977D327F70CBC00455E86 /* LobbyTabView.swift in Sources */ = {isa = PBXBuildFile; fileRef = 41B977D227F70CBC00455E86 /* LobbyTabView.swift */; };
		41B977D527F7123700455E86 /* ChatView.swift in Sources */ = {isa = PBXBuildFile; fileRef = 41B977D427F7123700455E86 /* ChatView.swift */; };
		41B977D727F7243B00455E86 /* FriendsView.swift in Sources */ = {isa = PBXBuildFile; fileRef = 41B977D627F7243B00455E86 /* FriendsView.swift */; };
		41B977DB27F72DB300455E86 /* ChatEntry.swift in Sources */ = {isa = PBXBuildFile; fileRef = 41B977DA27F72DB300455E86 /* ChatEntry.swift */; };
		41B977DD27F72E5000455E86 /* Chat.swift in Sources */ = {isa = PBXBuildFile; fileRef = 41B977DC27F72E5000455E86 /* Chat.swift */; };
		41B977E027FAEED900455E86 /* TitleRow.swift in Sources */ = {isa = PBXBuildFile; fileRef = 41B977DF27FAEED900455E86 /* TitleRow.swift */; };
		41B977E227FC423200455E86 /* ProfileView.swift in Sources */ = {isa = PBXBuildFile; fileRef = 41B977E127FC423200455E86 /* ProfileView.swift */; };
		41B977E427FC4E0800455E86 /* SheetSettings.swift in Sources */ = {isa = PBXBuildFile; fileRef = 41B977E327FC4E0800455E86 /* SheetSettings.swift */; };
		41B977E627FC6A0E00455E86 /* LocalData.swift in Sources */ = {isa = PBXBuildFile; fileRef = 41B977E527FC6A0E00455E86 /* LocalData.swift */; };
		41B977EB27FDBC8E00455E86 /* GoogleService-Info.plist in Resources */ = {isa = PBXBuildFile; fileRef = 41B977EA27FDBC8E00455E86 /* GoogleService-Info.plist */; };
		41B977EE27FDC08600455E86 /* FirebaseAuth in Frameworks */ = {isa = PBXBuildFile; productRef = 41B977ED27FDC08600455E86 /* FirebaseAuth */; };
		41B977F027FDC08600455E86 /* FirebaseFirestore in Frameworks */ = {isa = PBXBuildFile; productRef = 41B977EF27FDC08600455E86 /* FirebaseFirestore */; };
		41B977F227FDC08600455E86 /* FirebaseFirestoreSwift-Beta in Frameworks */ = {isa = PBXBuildFile; productRef = 41B977F127FDC08600455E86 /* FirebaseFirestoreSwift-Beta */; };
		41B977F427FDC12200455E86 /* FirestoreUserModel.swift in Sources */ = {isa = PBXBuildFile; fileRef = 41B977F327FDC12200455E86 /* FirestoreUserModel.swift */; };
		41B977F627FDC25600455E86 /* UserFirebase.swift in Sources */ = {isa = PBXBuildFile; fileRef = 41B977F527FDC25600455E86 /* UserFirebase.swift */; };
		D567608E2800509D004826D2 /* FriendFirebase.swift in Sources */ = {isa = PBXBuildFile; fileRef = D567608D2800509D004826D2 /* FriendFirebase.swift */; };
		D5676090280051D6004826D2 /* PrivateMsgFirebase.swift in Sources */ = {isa = PBXBuildFile; fileRef = D567608F280051D6004826D2 /* PrivateMsgFirebase.swift */; };
		D5676092280055FB004826D2 /* FirestoreFriendModel.swift in Sources */ = {isa = PBXBuildFile; fileRef = D5676091280055FB004826D2 /* FirestoreFriendModel.swift */; };
		D567609428005631004826D2 /* FirestorePrivateMsgModel.swift in Sources */ = {isa = PBXBuildFile; fileRef = D567609328005631004826D2 /* FirestorePrivateMsgModel.swift */; };
		D577A35627FC2AF700C64542 /* RegisterView.swift in Sources */ = {isa = PBXBuildFile; fileRef = 41B977CE27F5AC2C00455E86 /* RegisterView.swift */; };
		EB12B69A28041DA900576E61 /* PrivateChatView.swift in Sources */ = {isa = PBXBuildFile; fileRef = EB12B69928041DA900576E61 /* PrivateChatView.swift */; };
/* End PBXBuildFile section */

/* Begin PBXFileReference section */
		3348157F27FF28BA00AF0EC7 /* UserOnlineFirebase.swift */ = {isa = PBXFileReference; lastKnownFileType = sourcecode.swift; path = UserOnlineFirebase.swift; sourceTree = "<group>"; };
		3348158127FF662100AF0EC7 /* MessageView.swift */ = {isa = PBXFileReference; lastKnownFileType = sourcecode.swift; path = MessageView.swift; sourceTree = "<group>"; };
		3348158327FF69C700AF0EC7 /* FirestoreWorldMsgModel.swift */ = {isa = PBXFileReference; lastKnownFileType = sourcecode.swift; path = FirestoreWorldMsgModel.swift; sourceTree = "<group>"; };
		3348158527FF6A1300AF0EC7 /* WorldMsgFirebase.swift */ = {isa = PBXFileReference; lastKnownFileType = sourcecode.swift; path = WorldMsgFirebase.swift; sourceTree = "<group>"; };
		3348158727FF711600AF0EC7 /* WorldChatView.swift */ = {isa = PBXFileReference; lastKnownFileType = sourcecode.swift; path = WorldChatView.swift; sourceTree = "<group>"; };
		3348158927FF90EF00AF0EC7 /* SoundPlayer.swift */ = {isa = PBXFileReference; lastKnownFileType = sourcecode.swift; path = SoundPlayer.swift; sourceTree = "<group>"; };
		3348158D27FF94EE00AF0EC7 /* new_message.wav */ = {isa = PBXFileReference; lastKnownFileType = audio.wav; path = new_message.wav; sourceTree = "<group>"; };
		337844332800167600F9323B /* FirestoreUserOnlineModel.swift */ = {isa = PBXFileReference; lastKnownFileType = sourcecode.swift; path = FirestoreUserOnlineModel.swift; sourceTree = "<group>"; };
		33ADF1EE27FF0A2C00320444 /* OnlineUsersView.swift */ = {isa = PBXFileReference; lastKnownFileType = sourcecode.swift; path = OnlineUsersView.swift; sourceTree = "<group>"; };
		33AE6E0027F5A63C00EEC7E3 /* LunarLight.app */ = {isa = PBXFileReference; explicitFileType = wrapper.application; includeInIndex = 0; path = LunarLight.app; sourceTree = BUILT_PRODUCTS_DIR; };
		33AE6E0327F5A63C00EEC7E3 /* LunarLightApp.swift */ = {isa = PBXFileReference; lastKnownFileType = sourcecode.swift; path = LunarLightApp.swift; sourceTree = "<group>"; };
		33AE6E0527F5A63C00EEC7E3 /* StartView.swift */ = {isa = PBXFileReference; lastKnownFileType = sourcecode.swift; path = StartView.swift; sourceTree = "<group>"; };
		33AE6E0727F5A63E00EEC7E3 /* Assets.xcassets */ = {isa = PBXFileReference; lastKnownFileType = folder.assetcatalog; path = Assets.xcassets; sourceTree = "<group>"; };
		33AE6E0A27F5A63E00EEC7E3 /* Preview Assets.xcassets */ = {isa = PBXFileReference; lastKnownFileType = folder.assetcatalog; path = "Preview Assets.xcassets"; sourceTree = "<group>"; };
		33AE6E0C27F5A63E00EEC7E3 /* Persistence.swift */ = {isa = PBXFileReference; lastKnownFileType = sourcecode.swift; path = Persistence.swift; sourceTree = "<group>"; };
		33AE6E0F27F5A63E00EEC7E3 /* LunarLight.xcdatamodel */ = {isa = PBXFileReference; lastKnownFileType = wrapper.xcdatamodel; path = LunarLight.xcdatamodel; sourceTree = "<group>"; };
		33D386EE27F6EF7600D338B2 /* InputValidator.swift */ = {isa = PBXFileReference; lastKnownFileType = sourcecode.swift; path = InputValidator.swift; sourceTree = "<group>"; };
		33D386F027F6F23C00D338B2 /* WelcomeView.swift */ = {isa = PBXFileReference; lastKnownFileType = sourcecode.swift; path = WelcomeView.swift; sourceTree = "<group>"; };
		33E7A90327F6FFF70091502E /* ContentView.swift */ = {isa = PBXFileReference; lastKnownFileType = sourcecode.swift; path = ContentView.swift; sourceTree = "<group>"; };
		33E7A90527F703340091502E /* AppIndexManager.swift */ = {isa = PBXFileReference; lastKnownFileType = sourcecode.swift; path = AppIndexManager.swift; sourceTree = "<group>"; };
		33E7A90927F727410091502E /* CoredataUserModel.swift */ = {isa = PBXFileReference; lastKnownFileType = sourcecode.swift; path = CoredataUserModel.swift; sourceTree = "<group>"; };
		41B977CE27F5AC2C00455E86 /* RegisterView.swift */ = {isa = PBXFileReference; lastKnownFileType = sourcecode.swift; path = RegisterView.swift; sourceTree = "<group>"; };
		41B977D027F5B44500455E86 /* LoginView.swift */ = {isa = PBXFileReference; lastKnownFileType = sourcecode.swift; path = LoginView.swift; sourceTree = "<group>"; };
		41B977D227F70CBC00455E86 /* LobbyTabView.swift */ = {isa = PBXFileReference; lastKnownFileType = sourcecode.swift; path = LobbyTabView.swift; sourceTree = "<group>"; };
		41B977D427F7123700455E86 /* ChatView.swift */ = {isa = PBXFileReference; lastKnownFileType = sourcecode.swift; path = ChatView.swift; sourceTree = "<group>"; };
		41B977D627F7243B00455E86 /* FriendsView.swift */ = {isa = PBXFileReference; lastKnownFileType = sourcecode.swift; path = FriendsView.swift; sourceTree = "<group>"; };
		41B977DA27F72DB300455E86 /* ChatEntry.swift */ = {isa = PBXFileReference; lastKnownFileType = sourcecode.swift; path = ChatEntry.swift; sourceTree = "<group>"; };
		41B977DC27F72E5000455E86 /* Chat.swift */ = {isa = PBXFileReference; lastKnownFileType = sourcecode.swift; path = Chat.swift; sourceTree = "<group>"; };
		41B977DF27FAEED900455E86 /* TitleRow.swift */ = {isa = PBXFileReference; lastKnownFileType = sourcecode.swift; path = TitleRow.swift; sourceTree = "<group>"; };
		41B977E127FC423200455E86 /* ProfileView.swift */ = {isa = PBXFileReference; lastKnownFileType = sourcecode.swift; path = ProfileView.swift; sourceTree = "<group>"; };
		41B977E327FC4E0800455E86 /* SheetSettings.swift */ = {isa = PBXFileReference; lastKnownFileType = sourcecode.swift; path = SheetSettings.swift; sourceTree = "<group>"; };
		41B977E527FC6A0E00455E86 /* LocalData.swift */ = {isa = PBXFileReference; lastKnownFileType = sourcecode.swift; path = LocalData.swift; sourceTree = "<group>"; };
		41B977EA27FDBC8E00455E86 /* GoogleService-Info.plist */ = {isa = PBXFileReference; fileEncoding = 4; lastKnownFileType = text.plist.xml; path = "GoogleService-Info.plist"; sourceTree = "<group>"; };
		41B977F327FDC12200455E86 /* FirestoreUserModel.swift */ = {isa = PBXFileReference; lastKnownFileType = sourcecode.swift; path = FirestoreUserModel.swift; sourceTree = "<group>"; };
		41B977F527FDC25600455E86 /* UserFirebase.swift */ = {isa = PBXFileReference; lastKnownFileType = sourcecode.swift; path = UserFirebase.swift; sourceTree = "<group>"; };
		D567608D2800509D004826D2 /* FriendFirebase.swift */ = {isa = PBXFileReference; lastKnownFileType = sourcecode.swift; path = FriendFirebase.swift; sourceTree = "<group>"; };
		D567608F280051D6004826D2 /* PrivateMsgFirebase.swift */ = {isa = PBXFileReference; lastKnownFileType = sourcecode.swift; path = PrivateMsgFirebase.swift; sourceTree = "<group>"; };
		D5676091280055FB004826D2 /* FirestoreFriendModel.swift */ = {isa = PBXFileReference; lastKnownFileType = sourcecode.swift; path = FirestoreFriendModel.swift; sourceTree = "<group>"; };
		D567609328005631004826D2 /* FirestorePrivateMsgModel.swift */ = {isa = PBXFileReference; lastKnownFileType = sourcecode.swift; path = FirestorePrivateMsgModel.swift; sourceTree = "<group>"; };
		EB12B69928041DA900576E61 /* PrivateChatView.swift */ = {isa = PBXFileReference; lastKnownFileType = sourcecode.swift; path = PrivateChatView.swift; sourceTree = "<group>"; };
/* End PBXFileReference section */

/* Begin PBXFrameworksBuildPhase section */
		33AE6DFD27F5A63C00EEC7E3 /* Frameworks */ = {
			isa = PBXFrameworksBuildPhase;
			buildActionMask = 2147483647;
			files = (
				41B977F227FDC08600455E86 /* FirebaseFirestoreSwift-Beta in Frameworks */,
				41B977EE27FDC08600455E86 /* FirebaseAuth in Frameworks */,
				41B977F027FDC08600455E86 /* FirebaseFirestore in Frameworks */,
			);
			runOnlyForDeploymentPostprocessing = 0;
		};
/* End PBXFrameworksBuildPhase section */

/* Begin PBXGroup section */
		3348158F27FF94F600AF0EC7 /* Sound Effects */ = {
			isa = PBXGroup;
			children = (
				3348158D27FF94EE00AF0EC7 /* new_message.wav */,
			);
			path = "Sound Effects";
			sourceTree = "<group>";
		};
		33AE6DF727F5A63C00EEC7E3 = {
			isa = PBXGroup;
			children = (
				33AE6E0227F5A63C00EEC7E3 /* LunarLight */,
				D567609828005FBE004826D2 /* First_try_files_do_we_still_need */,
				33AE6E0127F5A63C00EEC7E3 /* Products */,
			);
			sourceTree = "<group>";
		};
		33AE6E0127F5A63C00EEC7E3 /* Products */ = {
			isa = PBXGroup;
			children = (
				33AE6E0027F5A63C00EEC7E3 /* LunarLight.app */,
			);
			name = Products;
			sourceTree = "<group>";
		};
		33AE6E0227F5A63C00EEC7E3 /* LunarLight */ = {
			isa = PBXGroup;
			children = (
				41B977EA27FDBC8E00455E86 /* GoogleService-Info.plist */,
				33AE6E0327F5A63C00EEC7E3 /* LunarLightApp.swift */,
				3348158F27FF94F600AF0EC7 /* Sound Effects */,
				33D386EC27F6EAA400D338B2 /* Utils */,
				41B977CD27F5ABF000455E86 /* Models */,
				41B977CC27F5ABE700455E86 /* MainViews */,
				33D386ED27F6EAF400D338B2 /* SubViews */,
				33AE6E0727F5A63E00EEC7E3 /* Assets.xcassets */,
				33AE6E0C27F5A63E00EEC7E3 /* Persistence.swift */,
				33AE6E0E27F5A63E00EEC7E3 /* LunarLight.xcdatamodeld */,
				33AE6E0927F5A63E00EEC7E3 /* Preview Content */,
			);
			path = LunarLight;
			sourceTree = "<group>";
		};
		33AE6E0927F5A63E00EEC7E3 /* Preview Content */ = {
			isa = PBXGroup;
			children = (
				33AE6E0A27F5A63E00EEC7E3 /* Preview Assets.xcassets */,
			);
			path = "Preview Content";
			sourceTree = "<group>";
		};
		33D386EC27F6EAA400D338B2 /* Utils */ = {
			isa = PBXGroup;
			children = (
				33D386EE27F6EF7600D338B2 /* InputValidator.swift */,
				33E7A90527F703340091502E /* AppIndexManager.swift */,
				3348158927FF90EF00AF0EC7 /* SoundPlayer.swift */,
			);
			path = Utils;
			sourceTree = "<group>";
		};
		33D386ED27F6EAF400D338B2 /* SubViews */ = {
			isa = PBXGroup;
			children = (
				3348158127FF662100AF0EC7 /* MessageView.swift */,
				41B977DF27FAEED900455E86 /* TitleRow.swift */,
				41B977E327FC4E0800455E86 /* SheetSettings.swift */,
			);
			path = SubViews;
			sourceTree = "<group>";
		};
		41B977CC27F5ABE700455E86 /* MainViews */ = {
			isa = PBXGroup;
			children = (
				33E7A90327F6FFF70091502E /* ContentView.swift */,
				33AE6E0527F5A63C00EEC7E3 /* StartView.swift */,
				41B977D027F5B44500455E86 /* LoginView.swift */,
				41B977CE27F5AC2C00455E86 /* RegisterView.swift */,
				33D386F027F6F23C00D338B2 /* WelcomeView.swift */,
				41B977D627F7243B00455E86 /* FriendsView.swift */,
				EB12B69928041DA900576E61 /* PrivateChatView.swift */,
				3348158727FF711600AF0EC7 /* WorldChatView.swift */,
				41B977E127FC423200455E86 /* ProfileView.swift */,
				33ADF1EE27FF0A2C00320444 /* OnlineUsersView.swift */,
				41B977D227F70CBC00455E86 /* LobbyTabView.swift */,
			);
			path = MainViews;
			sourceTree = "<group>";
		};
		41B977CD27F5ABF000455E86 /* Models */ = {
			isa = PBXGroup;
			children = (
				41B977E527FC6A0E00455E86 /* LocalData.swift */,
				D56760952800563A004826D2 /* Collections */,
			);
			path = Models;
			sourceTree = "<group>";
		};
		D56760952800563A004826D2 /* Collections */ = {
			isa = PBXGroup;
			children = (
				41B977F327FDC12200455E86 /* FirestoreUserModel.swift */,
				337844332800167600F9323B /* FirestoreUserOnlineModel.swift */,
				3348158327FF69C700AF0EC7 /* FirestoreWorldMsgModel.swift */,
				D5676091280055FB004826D2 /* FirestoreFriendModel.swift */,
				D567609328005631004826D2 /* FirestorePrivateMsgModel.swift */,
				D567609628005647004826D2 /* Documents */,
			);
			path = Collections;
			sourceTree = "<group>";
		};
		D567609628005647004826D2 /* Documents */ = {
			isa = PBXGroup;
			children = (
				41B977F527FDC25600455E86 /* UserFirebase.swift */,
				3348157F27FF28BA00AF0EC7 /* UserOnlineFirebase.swift */,
				3348158527FF6A1300AF0EC7 /* WorldMsgFirebase.swift */,
				D567608D2800509D004826D2 /* FriendFirebase.swift */,
				D567608F280051D6004826D2 /* PrivateMsgFirebase.swift */,
			);
			path = Documents;
			sourceTree = "<group>";
		};
		D567609828005FBE004826D2 /* First_try_files_do_we_still_need */ = {
			isa = PBXGroup;
			children = (
				41B977D427F7123700455E86 /* ChatView.swift */,
				41B977DA27F72DB300455E86 /* ChatEntry.swift */,
				41B977DC27F72E5000455E86 /* Chat.swift */,
				33E7A90927F727410091502E /* CoredataUserModel.swift */,
			);
			path = First_try_files_do_we_still_need;
			sourceTree = "<group>";
		};
/* End PBXGroup section */

/* Begin PBXNativeTarget section */
		33AE6DFF27F5A63C00EEC7E3 /* LunarLight */ = {
			isa = PBXNativeTarget;
			buildConfigurationList = 33AE6E1327F5A63E00EEC7E3 /* Build configuration list for PBXNativeTarget "LunarLight" */;
			buildPhases = (
				33AE6DFC27F5A63C00EEC7E3 /* Sources */,
				33AE6DFD27F5A63C00EEC7E3 /* Frameworks */,
				33AE6DFE27F5A63C00EEC7E3 /* Resources */,
			);
			buildRules = (
			);
			dependencies = (
			);
			name = LunarLight;
			packageProductDependencies = (
				41B977ED27FDC08600455E86 /* FirebaseAuth */,
				41B977EF27FDC08600455E86 /* FirebaseFirestore */,
				41B977F127FDC08600455E86 /* FirebaseFirestoreSwift-Beta */,
			);
			productName = LunarLight;
			productReference = 33AE6E0027F5A63C00EEC7E3 /* LunarLight.app */;
			productType = "com.apple.product-type.application";
		};
/* End PBXNativeTarget section */

/* Begin PBXProject section */
		33AE6DF827F5A63C00EEC7E3 /* Project object */ = {
			isa = PBXProject;
			attributes = {
				BuildIndependentTargetsInParallel = 1;
				LastSwiftUpdateCheck = 1320;
				LastUpgradeCheck = 1320;
				TargetAttributes = {
					33AE6DFF27F5A63C00EEC7E3 = {
						CreatedOnToolsVersion = 13.2.1;
					};
				};
			};
			buildConfigurationList = 33AE6DFB27F5A63C00EEC7E3 /* Build configuration list for PBXProject "LunarLight" */;
			compatibilityVersion = "Xcode 13.0";
			developmentRegion = en;
			hasScannedForEncodings = 0;
			knownRegions = (
				en,
				Base,
			);
			mainGroup = 33AE6DF727F5A63C00EEC7E3;
			packageReferences = (
				41B977EC27FDC08600455E86 /* XCRemoteSwiftPackageReference "firebase-ios-sdk" */,
			);
			productRefGroup = 33AE6E0127F5A63C00EEC7E3 /* Products */;
			projectDirPath = "";
			projectRoot = "";
			targets = (
				33AE6DFF27F5A63C00EEC7E3 /* LunarLight */,
			);
		};
/* End PBXProject section */

/* Begin PBXResourcesBuildPhase section */
		33AE6DFE27F5A63C00EEC7E3 /* Resources */ = {
			isa = PBXResourcesBuildPhase;
			buildActionMask = 2147483647;
			files = (
				33AE6E0B27F5A63E00EEC7E3 /* Preview Assets.xcassets in Resources */,
				3348158E27FF94EF00AF0EC7 /* new_message.wav in Resources */,
				33AE6E0827F5A63E00EEC7E3 /* Assets.xcassets in Resources */,
				41B977EB27FDBC8E00455E86 /* GoogleService-Info.plist in Resources */,
			);
			runOnlyForDeploymentPostprocessing = 0;
		};
/* End PBXResourcesBuildPhase section */

/* Begin PBXSourcesBuildPhase section */
		33AE6DFC27F5A63C00EEC7E3 /* Sources */ = {
			isa = PBXSourcesBuildPhase;
			buildActionMask = 2147483647;
			files = (
				41B977E427FC4E0800455E86 /* SheetSettings.swift in Sources */,
				3348158827FF711600AF0EC7 /* WorldChatView.swift in Sources */,
				3348158A27FF90F000AF0EC7 /* SoundPlayer.swift in Sources */,
				D567608E2800509D004826D2 /* FriendFirebase.swift in Sources */,
				41B977DB27F72DB300455E86 /* ChatEntry.swift in Sources */,
				41B977D327F70CBC00455E86 /* LobbyTabView.swift in Sources */,
				41B977E627FC6A0E00455E86 /* LocalData.swift in Sources */,
				41B977D127F5B44500455E86 /* LoginView.swift in Sources */,
				33D386F127F6F23C00D338B2 /* WelcomeView.swift in Sources */,
				33AE6E0D27F5A63E00EEC7E3 /* Persistence.swift in Sources */,
				33E7A90A27F727410091502E /* CoredataUserModel.swift in Sources */,
				41B977D527F7123700455E86 /* ChatView.swift in Sources */,
				33AE6E1027F5A63E00EEC7E3 /* LunarLight.xcdatamodeld in Sources */,
				41B977F627FDC25600455E86 /* UserFirebase.swift in Sources */,
				D577A35627FC2AF700C64542 /* RegisterView.swift in Sources */,
				D5676092280055FB004826D2 /* FirestoreFriendModel.swift in Sources */,
				41B977D727F7243B00455E86 /* FriendsView.swift in Sources */,
				41B977E227FC423200455E86 /* ProfileView.swift in Sources */,
				33E7A90627F703340091502E /* AppIndexManager.swift in Sources */,
				33E7A90427F6FFF70091502E /* ContentView.swift in Sources */,
				3348158027FF28BA00AF0EC7 /* UserOnlineFirebase.swift in Sources */,
				337844342800167600F9323B /* FirestoreUserOnlineModel.swift in Sources */,
				41B977F427FDC12200455E86 /* FirestoreUserModel.swift in Sources */,
				D5676090280051D6004826D2 /* PrivateMsgFirebase.swift in Sources */,
				33D386EF27F6EF7600D338B2 /* InputValidator.swift in Sources */,
				3348158627FF6A1300AF0EC7 /* WorldMsgFirebase.swift in Sources */,
				33AE6E0627F5A63C00EEC7E3 /* StartView.swift in Sources */,
				3348158427FF69C700AF0EC7 /* FirestoreWorldMsgModel.swift in Sources */,
				33ADF1EF27FF0A2C00320444 /* OnlineUsersView.swift in Sources */,
				41B977DD27F72E5000455E86 /* Chat.swift in Sources */,
				41B977E027FAEED900455E86 /* TitleRow.swift in Sources */,
				33AE6E0427F5A63C00EEC7E3 /* LunarLightApp.swift in Sources */,
				EB12B69A28041DA900576E61 /* PrivateChatView.swift in Sources */,
				3348158227FF662100AF0EC7 /* MessageView.swift in Sources */,
				D567609428005631004826D2 /* FirestorePrivateMsgModel.swift in Sources */,
			);
			runOnlyForDeploymentPostprocessing = 0;
		};
/* End PBXSourcesBuildPhase section */

/* Begin XCBuildConfiguration section */
		33AE6E1127F5A63E00EEC7E3 /* Debug */ = {
			isa = XCBuildConfiguration;
			buildSettings = {
				ALWAYS_SEARCH_USER_PATHS = NO;
				CLANG_ANALYZER_NONNULL = YES;
				CLANG_ANALYZER_NUMBER_OBJECT_CONVERSION = YES_AGGRESSIVE;
				CLANG_CXX_LANGUAGE_STANDARD = "gnu++17";
				CLANG_CXX_LIBRARY = "libc++";
				CLANG_ENABLE_MODULES = YES;
				CLANG_ENABLE_OBJC_ARC = YES;
				CLANG_ENABLE_OBJC_WEAK = YES;
				CLANG_WARN_BLOCK_CAPTURE_AUTORELEASING = YES;
				CLANG_WARN_BOOL_CONVERSION = YES;
				CLANG_WARN_COMMA = YES;
				CLANG_WARN_CONSTANT_CONVERSION = YES;
				CLANG_WARN_DEPRECATED_OBJC_IMPLEMENTATIONS = YES;
				CLANG_WARN_DIRECT_OBJC_ISA_USAGE = YES_ERROR;
				CLANG_WARN_DOCUMENTATION_COMMENTS = YES;
				CLANG_WARN_EMPTY_BODY = YES;
				CLANG_WARN_ENUM_CONVERSION = YES;
				CLANG_WARN_INFINITE_RECURSION = YES;
				CLANG_WARN_INT_CONVERSION = YES;
				CLANG_WARN_NON_LITERAL_NULL_CONVERSION = YES;
				CLANG_WARN_OBJC_IMPLICIT_RETAIN_SELF = YES;
				CLANG_WARN_OBJC_LITERAL_CONVERSION = YES;
				CLANG_WARN_OBJC_ROOT_CLASS = YES_ERROR;
				CLANG_WARN_QUOTED_INCLUDE_IN_FRAMEWORK_HEADER = YES;
				CLANG_WARN_RANGE_LOOP_ANALYSIS = YES;
				CLANG_WARN_STRICT_PROTOTYPES = YES;
				CLANG_WARN_SUSPICIOUS_MOVE = YES;
				CLANG_WARN_UNGUARDED_AVAILABILITY = YES_AGGRESSIVE;
				CLANG_WARN_UNREACHABLE_CODE = YES;
				CLANG_WARN__DUPLICATE_METHOD_MATCH = YES;
				COPY_PHASE_STRIP = NO;
				DEBUG_INFORMATION_FORMAT = dwarf;
				ENABLE_STRICT_OBJC_MSGSEND = YES;
				ENABLE_TESTABILITY = YES;
				GCC_C_LANGUAGE_STANDARD = gnu11;
				GCC_DYNAMIC_NO_PIC = NO;
				GCC_NO_COMMON_BLOCKS = YES;
				GCC_OPTIMIZATION_LEVEL = 0;
				GCC_PREPROCESSOR_DEFINITIONS = (
					"DEBUG=1",
					"$(inherited)",
				);
				GCC_WARN_64_TO_32_BIT_CONVERSION = YES;
				GCC_WARN_ABOUT_RETURN_TYPE = YES_ERROR;
				GCC_WARN_UNDECLARED_SELECTOR = YES;
				GCC_WARN_UNINITIALIZED_AUTOS = YES_AGGRESSIVE;
				GCC_WARN_UNUSED_FUNCTION = YES;
				GCC_WARN_UNUSED_VARIABLE = YES;
				IPHONEOS_DEPLOYMENT_TARGET = 15.2;
				MTL_ENABLE_DEBUG_INFO = INCLUDE_SOURCE;
				MTL_FAST_MATH = YES;
				ONLY_ACTIVE_ARCH = YES;
				SDKROOT = iphoneos;
				SWIFT_ACTIVE_COMPILATION_CONDITIONS = DEBUG;
				SWIFT_OPTIMIZATION_LEVEL = "-Onone";
			};
			name = Debug;
		};
		33AE6E1227F5A63E00EEC7E3 /* Release */ = {
			isa = XCBuildConfiguration;
			buildSettings = {
				ALWAYS_SEARCH_USER_PATHS = NO;
				CLANG_ANALYZER_NONNULL = YES;
				CLANG_ANALYZER_NUMBER_OBJECT_CONVERSION = YES_AGGRESSIVE;
				CLANG_CXX_LANGUAGE_STANDARD = "gnu++17";
				CLANG_CXX_LIBRARY = "libc++";
				CLANG_ENABLE_MODULES = YES;
				CLANG_ENABLE_OBJC_ARC = YES;
				CLANG_ENABLE_OBJC_WEAK = YES;
				CLANG_WARN_BLOCK_CAPTURE_AUTORELEASING = YES;
				CLANG_WARN_BOOL_CONVERSION = YES;
				CLANG_WARN_COMMA = YES;
				CLANG_WARN_CONSTANT_CONVERSION = YES;
				CLANG_WARN_DEPRECATED_OBJC_IMPLEMENTATIONS = YES;
				CLANG_WARN_DIRECT_OBJC_ISA_USAGE = YES_ERROR;
				CLANG_WARN_DOCUMENTATION_COMMENTS = YES;
				CLANG_WARN_EMPTY_BODY = YES;
				CLANG_WARN_ENUM_CONVERSION = YES;
				CLANG_WARN_INFINITE_RECURSION = YES;
				CLANG_WARN_INT_CONVERSION = YES;
				CLANG_WARN_NON_LITERAL_NULL_CONVERSION = YES;
				CLANG_WARN_OBJC_IMPLICIT_RETAIN_SELF = YES;
				CLANG_WARN_OBJC_LITERAL_CONVERSION = YES;
				CLANG_WARN_OBJC_ROOT_CLASS = YES_ERROR;
				CLANG_WARN_QUOTED_INCLUDE_IN_FRAMEWORK_HEADER = YES;
				CLANG_WARN_RANGE_LOOP_ANALYSIS = YES;
				CLANG_WARN_STRICT_PROTOTYPES = YES;
				CLANG_WARN_SUSPICIOUS_MOVE = YES;
				CLANG_WARN_UNGUARDED_AVAILABILITY = YES_AGGRESSIVE;
				CLANG_WARN_UNREACHABLE_CODE = YES;
				CLANG_WARN__DUPLICATE_METHOD_MATCH = YES;
				COPY_PHASE_STRIP = NO;
				DEBUG_INFORMATION_FORMAT = "dwarf-with-dsym";
				ENABLE_NS_ASSERTIONS = NO;
				ENABLE_STRICT_OBJC_MSGSEND = YES;
				GCC_C_LANGUAGE_STANDARD = gnu11;
				GCC_NO_COMMON_BLOCKS = YES;
				GCC_WARN_64_TO_32_BIT_CONVERSION = YES;
				GCC_WARN_ABOUT_RETURN_TYPE = YES_ERROR;
				GCC_WARN_UNDECLARED_SELECTOR = YES;
				GCC_WARN_UNINITIALIZED_AUTOS = YES_AGGRESSIVE;
				GCC_WARN_UNUSED_FUNCTION = YES;
				GCC_WARN_UNUSED_VARIABLE = YES;
				IPHONEOS_DEPLOYMENT_TARGET = 15.2;
				MTL_ENABLE_DEBUG_INFO = NO;
				MTL_FAST_MATH = YES;
				SDKROOT = iphoneos;
				SWIFT_COMPILATION_MODE = wholemodule;
				SWIFT_OPTIMIZATION_LEVEL = "-O";
				VALIDATE_PRODUCT = YES;
			};
			name = Release;
		};
		33AE6E1427F5A63E00EEC7E3 /* Debug */ = {
			isa = XCBuildConfiguration;
			buildSettings = {
				ASSETCATALOG_COMPILER_APPICON_NAME = AppIcon;
				ASSETCATALOG_COMPILER_GLOBAL_ACCENT_COLOR_NAME = AccentColor;
				CODE_SIGN_STYLE = Automatic;
				CURRENT_PROJECT_VERSION = 1;
				DEVELOPMENT_ASSET_PATHS = "\"LunarLight/Preview Content\"";
				DEVELOPMENT_TEAM = 5C7SAYQ8DJ;
				ENABLE_PREVIEWS = YES;
				GENERATE_INFOPLIST_FILE = YES;
				INFOPLIST_KEY_UIApplicationSceneManifest_Generation = YES;
				INFOPLIST_KEY_UIApplicationSupportsIndirectInputEvents = YES;
				INFOPLIST_KEY_UILaunchScreen_Generation = YES;
				INFOPLIST_KEY_UISupportedInterfaceOrientations_iPad = "UIInterfaceOrientationPortrait UIInterfaceOrientationPortraitUpsideDown UIInterfaceOrientationLandscapeLeft UIInterfaceOrientationLandscapeRight";
				INFOPLIST_KEY_UISupportedInterfaceOrientations_iPhone = "UIInterfaceOrientationPortrait UIInterfaceOrientationLandscapeLeft UIInterfaceOrientationLandscapeRight";
				LD_RUNPATH_SEARCH_PATHS = (
					"$(inherited)",
					"@executable_path/Frameworks",
				);
				MARKETING_VERSION = 1.0;
				PRODUCT_BUNDLE_IDENTIFIER = com.DanielFalkedal.LunarLight;
				PRODUCT_NAME = "$(TARGET_NAME)";
				SWIFT_EMIT_LOC_STRINGS = YES;
				SWIFT_VERSION = 5.0;
				TARGETED_DEVICE_FAMILY = "1,2";
			};
			name = Debug;
		};
		33AE6E1527F5A63E00EEC7E3 /* Release */ = {
			isa = XCBuildConfiguration;
			buildSettings = {
				ASSETCATALOG_COMPILER_APPICON_NAME = AppIcon;
				ASSETCATALOG_COMPILER_GLOBAL_ACCENT_COLOR_NAME = AccentColor;
				CODE_SIGN_STYLE = Automatic;
				CURRENT_PROJECT_VERSION = 1;
				DEVELOPMENT_ASSET_PATHS = "\"LunarLight/Preview Content\"";
				DEVELOPMENT_TEAM = 5C7SAYQ8DJ;
				ENABLE_PREVIEWS = YES;
				GENERATE_INFOPLIST_FILE = YES;
				INFOPLIST_KEY_UIApplicationSceneManifest_Generation = YES;
				INFOPLIST_KEY_UIApplicationSupportsIndirectInputEvents = YES;
				INFOPLIST_KEY_UILaunchScreen_Generation = YES;
				INFOPLIST_KEY_UISupportedInterfaceOrientations_iPad = "UIInterfaceOrientationPortrait UIInterfaceOrientationPortraitUpsideDown UIInterfaceOrientationLandscapeLeft UIInterfaceOrientationLandscapeRight";
				INFOPLIST_KEY_UISupportedInterfaceOrientations_iPhone = "UIInterfaceOrientationPortrait UIInterfaceOrientationLandscapeLeft UIInterfaceOrientationLandscapeRight";
				LD_RUNPATH_SEARCH_PATHS = (
					"$(inherited)",
					"@executable_path/Frameworks",
				);
				MARKETING_VERSION = 1.0;
				PRODUCT_BUNDLE_IDENTIFIER = com.DanielFalkedal.LunarLight;
				PRODUCT_NAME = "$(TARGET_NAME)";
				SWIFT_EMIT_LOC_STRINGS = YES;
				SWIFT_VERSION = 5.0;
				TARGETED_DEVICE_FAMILY = "1,2";
			};
			name = Release;
		};
/* End XCBuildConfiguration section */

/* Begin XCConfigurationList section */
		33AE6DFB27F5A63C00EEC7E3 /* Build configuration list for PBXProject "LunarLight" */ = {
			isa = XCConfigurationList;
			buildConfigurations = (
				33AE6E1127F5A63E00EEC7E3 /* Debug */,
				33AE6E1227F5A63E00EEC7E3 /* Release */,
			);
			defaultConfigurationIsVisible = 0;
			defaultConfigurationName = Release;
		};
		33AE6E1327F5A63E00EEC7E3 /* Build configuration list for PBXNativeTarget "LunarLight" */ = {
			isa = XCConfigurationList;
			buildConfigurations = (
				33AE6E1427F5A63E00EEC7E3 /* Debug */,
				33AE6E1527F5A63E00EEC7E3 /* Release */,
			);
			defaultConfigurationIsVisible = 0;
			defaultConfigurationName = Release;
		};
/* End XCConfigurationList section */

/* Begin XCRemoteSwiftPackageReference section */
		41B977EC27FDC08600455E86 /* XCRemoteSwiftPackageReference "firebase-ios-sdk" */ = {
			isa = XCRemoteSwiftPackageReference;
			repositoryURL = "https://github.com/firebase/firebase-ios-sdk";
			requirement = {
				kind = upToNextMajorVersion;
				minimumVersion = 8.0.0;
			};
		};
/* End XCRemoteSwiftPackageReference section */

/* Begin XCSwiftPackageProductDependency section */
		41B977ED27FDC08600455E86 /* FirebaseAuth */ = {
			isa = XCSwiftPackageProductDependency;
			package = 41B977EC27FDC08600455E86 /* XCRemoteSwiftPackageReference "firebase-ios-sdk" */;
			productName = FirebaseAuth;
		};
		41B977EF27FDC08600455E86 /* FirebaseFirestore */ = {
			isa = XCSwiftPackageProductDependency;
			package = 41B977EC27FDC08600455E86 /* XCRemoteSwiftPackageReference "firebase-ios-sdk" */;
			productName = FirebaseFirestore;
		};
		41B977F127FDC08600455E86 /* FirebaseFirestoreSwift-Beta */ = {
			isa = XCSwiftPackageProductDependency;
			package = 41B977EC27FDC08600455E86 /* XCRemoteSwiftPackageReference "firebase-ios-sdk" */;
			productName = "FirebaseFirestoreSwift-Beta";
		};
/* End XCSwiftPackageProductDependency section */

/* Begin XCVersionGroup section */
		33AE6E0E27F5A63E00EEC7E3 /* LunarLight.xcdatamodeld */ = {
			isa = XCVersionGroup;
			children = (
				33AE6E0F27F5A63E00EEC7E3 /* LunarLight.xcdatamodel */,
			);
			currentVersion = 33AE6E0F27F5A63E00EEC7E3 /* LunarLight.xcdatamodel */;
			path = LunarLight.xcdatamodeld;
			sourceTree = "<group>";
			versionGroupType = wrapper.xcdatamodel;
		};
/* End XCVersionGroup section */
	};
	rootObject = 33AE6DF827F5A63C00EEC7E3 /* Project object */;
}
